
Microsoft Visual Studio Solution File, Format Version 12.00
Project("{FAE04EC0-301F-11D3-BF4B-00C04F79EFBC}") = "GitControlCli", "GitControlCli\GitControlCli.csproj", "{BBDA1DDD-3240-483F-8AB9-97F21CCBD321}"
EndProject
Global
	GlobalSection(SolutionConfigurationPlatforms) = preSolution
		Debug|Any CPU = Debug|Any CPU
		Release|Any CPU = Release|Any CPU
	EndGlobalSection
	GlobalSection(ProjectConfigurationPlatforms) = postSolution
		{BBDA1DDD-3240-483F-8AB9-97F21CCBD321}.Debug|Any CPU.ActiveCfg = Debug|Any CPU
		{BBDA1DDD-3240-483F-8AB9-97F21CCBD321}.Debug|Any CPU.Build.0 = Debug|Any CPU
		{BBDA1DDD-3240-483F-8AB9-97F21CCBD321}.Release|Any CPU.ActiveCfg = Release|Any CPU
		{BBDA1DDD-3240-483F-8AB9-97F21CCBD321}.Release|Any CPU.Build.0 = Release|Any CPU
	EndGlobalSection
EndGlobal
